{
  "requires": true,
  "lockfileVersion": 1,
  "dependencies": {
    "@babel/runtime": {
      "version": "file:http:/registry.npm.taobao.org/@babel/runtime/download/@babel/runtime-7.1.2.tgz",
      "requires": {
        "regenerator-runtime": "^0.12.0"
      },
      "dependencies": {
        "regenerator-runtime": {
          "version": "0.12.1",
          "bundled": true
        }
      }
    },
    "@types/jss": {
      "version": "file:http:/registry.npm.taobao.org/@types/jss/download/@types/jss-9.5.7.tgz",
      "requires": {
        "csstype": "^2.0.0",
        "indefinite-observable": "^1.0.1"
      },
      "dependencies": {
        "csstype": {
          "version": "2.5.7",
          "bundled": true
        },
        "indefinite-observable": {
          "version": "1.0.1",
          "bundled": true,
          "requires": {
            "symbol-observable": "1.0.4"
          },
          "dependencies": {
            "symbol-observable": {
              "version": "1.0.4",
              "bundled": true
            }
          }
        }
      }
    },
    "@types/prop-types": {
      "version": "file:http:/registry.npm.taobao.org/@types/prop-types/download/@types/prop-types-15.5.6.tgz"
    },
    "@types/react": {
      "version": "file:http:/registry.npm.taobao.org/@types/react/download/@types/react-16.4.18.tgz",
      "requires": {
        "@types/prop-types": "*",
        "csstype": "^2.2.0"
      },
      "dependencies": {
        "@types/prop-types": {
          "version": "15.5.6",
          "bundled": true
        },
        "csstype": {
          "version": "2.5.7",
          "bundled": true
        }
      }
    },
    "@types/react-transition-group": {
      "version": "file:http:/registry.npm.taobao.org/@types/react-transition-group/download/@types/react-transition-group-2.0.14.tgz",
      "requires": {
        "@types/react": "*"
      },
      "dependencies": {
        "@types/react": {
          "version": "16.4.18",
          "bundled": true,
          "requires": {
            "@types/prop-types": "*",
            "csstype": "^2.2.0"
          },
          "dependencies": {
            "@types/prop-types": {
              "version": "15.5.6",
              "bundled": true
            },
            "csstype": {
              "version": "2.5.7",
              "bundled": true
            }
          }
        }
      }
    },
    "asap": {
      "version": "file:http:/registry.npm.taobao.org/asap/download/asap-2.0.6.tgz"
    },
    "brcast": {
      "version": "file:http:/registry.npm.taobao.org/brcast/download/brcast-3.0.1.tgz"
    },
    "change-emitter": {
      "version": "file:http:/registry.npm.taobao.org/change-emitter/download/change-emitter-0.1.6.tgz"
    },
    "classnames": {
      "version": "2.2.6",
      "resolved": "http://registry.npm.taobao.org/classnames/download/classnames-2.2.6.tgz"
    },
    "core-js": {
      "version": "file:http:/registry.npm.taobao.org/core-js/download/core-js-1.2.7.tgz"
    },
    "css-vendor": {
      "version": "file:http:/registry.npm.taobao.org/css-vendor/download/css-vendor-0.3.8.tgz",
      "requires": {
        "is-in-browser": "^1.0.2"
      },
      "dependencies": {
        "is-in-browser": {
          "version": "1.1.3",
          "resolved": "http://registry.npm.taobao.org/is-in-browser/download/is-in-browser-1.1.3.tgz"
        }
      }
    },
    "csstype": {
      "version": "2.5.7",
      "resolved": "http://registry.npm.taobao.org/csstype/download/csstype-2.5.7.tgz"
    },
    "debounce": {
      "version": "file:http:/registry.npm.taobao.org/debounce/download/debounce-1.2.0.tgz"
    },
    "deepmerge": {
      "version": "2.2.1",
      "resolved": "http://registry.npm.taobao.org/deepmerge/download/deepmerge-2.2.1.tgz"
    },
    "dom-helpers": {
      "version": "3.3.1",
      "resolved": "http://registry.npm.taobao.org/dom-helpers/download/dom-helpers-3.3.1.tgz"
    },
    "encoding": {
      "version": "file:http:/registry.npm.taobao.org/encoding/download/encoding-0.1.12.tgz",
      "requires": {
        "iconv-lite": "~0.4.13"
      },
      "dependencies": {
        "iconv-lite": {
          "version": "0.4.24",
          "resolved": "http://registry.npm.taobao.org/iconv-lite/download/iconv-lite-0.4.24.tgz",
          "requires": {
            "safer-buffer": ">= 2.1.2 < 3"
          },
          "dependencies": {
            "safer-buffer": {
              "version": "2.1.2",
              "bundled": true
            }
          }
        }
      }
    },
    "fbjs": {
      "version": "file:http:/registry.npm.taobao.org/fbjs/download/fbjs-0.8.17.tgz",
      "requires": {
        "core-js": "^1.0.0",
        "isomorphic-fetch": "^2.1.1",
        "loose-envify": "^1.0.0",
        "object-assign": "^4.1.0",
        "promise": "^7.1.1",
        "setimmediate": "^1.0.5",
        "ua-parser-js": "^0.7.18"
      },
      "dependencies": {
        "core-js": {
          "version": "1.2.7",
          "resolved": "http://registry.npm.taobao.org/core-js/download/core-js-1.2.7.tgz"
        },
        "isomorphic-fetch": {
          "version": "2.2.1",
          "resolved": "http://registry.npm.taobao.org/isomorphic-fetch/download/isomorphic-fetch-2.2.1.tgz",
          "requires": {
            "node-fetch": "^1.0.1",
            "whatwg-fetch": ">=0.10.0"
          },
          "dependencies": {
            "node-fetch": {
              "version": "1.7.3",
              "resolved": "http://registry.npm.taobao.org/node-fetch/download/node-fetch-1.7.3.tgz",
              "requires": {
                "encoding": "^0.1.11",
                "is-stream": "^1.0.1"
              },
              "dependencies": {
                "encoding": {
                  "version": "0.1.12",
                  "resolved": "http://registry.npm.taobao.org/encoding/download/encoding-0.1.12.tgz",
                  "requires": {
                    "iconv-lite": "~0.4.13"
                  },
                  "dependencies": {
                    "iconv-lite": {
                      "version": "0.4.24",
                      "resolved": "http://registry.npm.taobao.org/iconv-lite/download/iconv-lite-0.4.24.tgz",
                      "requires": {
                        "safer-buffer": ">= 2.1.2 < 3"
                      },
                      "dependencies": {}
                    }
                  }
                },
                "is-stream": {
                  "version": "1.1.0",
                  "resolved": "http://registry.npm.taobao.org/is-stream/download/is-stream-1.1.0.tgz"
                }
              }
            },
            "whatwg-fetch": {
              "version": "3.0.0",
              "resolved": "http://registry.npm.taobao.org/whatwg-fetch/download/whatwg-fetch-3.0.0.tgz"
            }
          }
        },
        "loose-envify": {
          "version": "1.4.0",
          "resolved": "http://registry.npm.taobao.org/loose-envify/download/loose-envify-1.4.0.tgz",
          "requires": {
            "js-tokens": "^3.0.0 || ^4.0.0"
          },
          "dependencies": {
            "js-tokens": {
              "version": "4.0.0",
              "resolved": "http://registry.npm.taobao.org/js-tokens/download/js-tokens-4.0.0.tgz"
            }
          }
        },
        "object-assign": {
          "version": "4.1.1",
          "resolved": "http://registry.npm.taobao.org/object-assign/download/object-assign-4.1.1.tgz"
        },
        "promise": {
          "version": "7.3.1",
          "resolved": "http://registry.npm.taobao.org/promise/download/promise-7.3.1.tgz",
          "requires": {
            "asap": "~2.0.3"
          },
          "dependencies": {
            "asap": {
              "version": "2.0.6",
              "bundled": true
            }
          }
        },
        "setimmediate": {
          "version": "1.0.5",
          "resolved": "http://registry.npm.taobao.org/setimmediate/download/setimmediate-1.0.5.tgz"
        },
        "ua-parser-js": {
          "version": "0.7.18",
          "resolved": "http://registry.npm.taobao.org/ua-parser-js/download/ua-parser-js-0.7.18.tgz"
        }
      }
    },
    "hoist-non-react-statics": {
      "version": "file:http:/registry.npm.taobao.org/hoist-non-react-statics/download/hoist-non-react-statics-2.5.5.tgz"
    },
    "hyphenate-style-name": {
      "version": "1.0.2",
      "resolved": "http://registry.npm.taobao.org/hyphenate-style-name/download/hyphenate-style-name-1.0.2.tgz"
    },
    "iconv-lite": {
      "version": "0.4.24",
      "resolved": "http://registry.npm.taobao.org/iconv-lite/download/iconv-lite-0.4.24.tgz",
      "requires": {
        "safer-buffer": ">= 2.1.2 < 3"
      },
      "dependencies": {
        "safer-buffer": {
          "version": "2.1.2",
          "bundled": true
        }
      }
    },
    "indefinite-observable": {
      "version": "1.0.1",
      "resolved": "http://registry.npm.taobao.org/indefinite-observable/download/indefinite-observable-1.0.1.tgz",
      "requires": {
        "symbol-observable": "1.0.4"
      },
      "dependencies": {
        "symbol-observable": {
          "version": "1.0.4",
          "bundled": true
        }
      }
    },
    "is-in-browser": {
      "version": "1.1.3",
      "resolved": "http://registry.npm.taobao.org/is-in-browser/download/is-in-browser-1.1.3.tgz"
    },
    "is-plain-object": {
      "version": "2.0.4",
      "resolved": "http://registry.npm.taobao.org/is-plain-object/download/is-plain-object-2.0.4.tgz",
      "requires": {
        "isobject": "^3.0.1"
      },
      "dependencies": {
        "isobject": {
          "version": "http://registry.npm.taobao.org/isobject/download/isobject-3.0.1.tgz",
          "bundled": true
        }
      }
    },
    "is-stream": {
      "version": "file:http:/registry.npm.taobao.org/is-stream/download/is-stream-1.1.0.tgz"
    },
    "isobject": {
      "version": "3.0.1",
      "resolved": "http://registry.npm.taobao.org/isobject/download/isobject-3.0.1.tgz"
    },
    "isomorphic-fetch": {
      "version": "file:http:/registry.npm.taobao.org/isomorphic-fetch/download/isomorphic-fetch-2.2.1.tgz",
      "requires": {
        "node-fetch": "^1.0.1",
        "whatwg-fetch": ">=0.10.0"
      },
      "dependencies": {
        "node-fetch": {
          "version": "1.7.3",
          "resolved": "http://registry.npm.taobao.org/node-fetch/download/node-fetch-1.7.3.tgz",
          "requires": {
            "encoding": "^0.1.11",
            "is-stream": "^1.0.1"
          },
          "dependencies": {}
        },
        "whatwg-fetch": {
          "version": "3.0.0",
          "resolved": "http://registry.npm.taobao.org/whatwg-fetch/download/whatwg-fetch-3.0.0.tgz"
        }
      }
    },
    "js-tokens": {
      "version": "file:http:/registry.npm.taobao.org/js-tokens/download/js-tokens-4.0.0.tgz"
    },
    "jss": {
      "version": "file:http:/registry.npm.taobao.org/jss/download/jss-9.8.7.tgz",
      "requires": {
        "is-in-browser": "^1.1.3",
        "symbol-observable": "^1.1.0",
        "warning": "^3.0.0"
      },
      "dependencies": {
        "is-in-browser": {
          "version": "1.1.3",
          "resolved": "http://registry.npm.taobao.org/is-in-browser/download/is-in-browser-1.1.3.tgz"
        },
        "symbol-observable": {
          "version": "1.2.0",
          "resolved": "http://registry.npm.taobao.org/symbol-observable/download/symbol-observable-1.2.0.tgz"
        },
        "warning": {
          "version": "3.0.0",
          "resolved": "http://registry.npm.taobao.org/warning/download/warning-3.0.0.tgz",
          "requires": {
            "loose-envify": "^1.0.0"
          },
          "dependencies": {
            "loose-envify": {
              "version": "1.4.0",
              "resolved": "http://registry.npm.taobao.org/loose-envify/download/loose-envify-1.4.0.tgz",
              "requires": {
                "js-tokens": "^3.0.0 || ^4.0.0"
              },
              "dependencies": {
                "js-tokens": {
                  "version": "4.0.0",
                  "resolved": "http://registry.npm.taobao.org/js-tokens/download/js-tokens-4.0.0.tgz"
                }
              }
            }
          }
        }
      }
    },
    "jss-camel-case": {
      "version": "file:http:/registry.npm.taobao.org/jss-camel-case/download/jss-camel-case-6.1.0.tgz",
      "requires": {
        "hyphenate-style-name": "^1.0.2"
      },
      "dependencies": {
        "hyphenate-style-name": {
          "version": "1.0.2",
          "resolved": "http://registry.npm.taobao.org/hyphenate-style-name/download/hyphenate-style-name-1.0.2.tgz"
        }
      }
    },
    "jss-default-unit": {
      "version": "file:http:/registry.npm.taobao.org/jss-default-unit/download/jss-default-unit-8.0.2.tgz"
    },
    "jss-global": {
      "version": "3.0.0",
      "resolved": "http://registry.npm.taobao.org/jss-global/download/jss-global-3.0.0.tgz"
    },
    "jss-nested": {
      "version": "6.0.1",
      "resolved": "http://registry.npm.taobao.org/jss-nested/download/jss-nested-6.0.1.tgz"
    },
    "jss-props-sort": {
      "version": "6.0.0",
      "resolved": "http://registry.npm.taobao.org/jss-props-sort/download/jss-props-sort-6.0.0.tgz"
    },
    "jss-vendor-prefixer": {
      "version": "7.0.0",
      "resolved": "http://registry.npm.taobao.org/jss-vendor-prefixer/download/jss-vendor-prefixer-7.0.0.tgz",
      "requires": {
        "css-vendor": "^0.3.8"
      },
      "dependencies": {
        "css-vendor": {
          "version": "http://registry.npm.taobao.org/css-vendor/download/css-vendor-0.3.8.tgz",
          "bundled": true,
          "dependencies": {
            "is-in-browser": {
              "version": "1.1.3",
              "resolved": "http://registry.npm.taobao.org/is-in-browser/download/is-in-browser-1.1.3.tgz"
            }
          }
        }
      }
    },
    "keycode": {
      "version": "file:http:/registry.npm.taobao.org/keycode/download/keycode-2.2.0.tgz"
    },
    "loose-envify": {
      "version": "file:http:/registry.npm.taobao.org/loose-envify/download/loose-envify-1.4.0.tgz",
      "requires": {
        "js-tokens": "^3.0.0 || ^4.0.0"
      },
      "dependencies": {
        "js-tokens": {
          "version": "4.0.0",
          "resolved": "http://registry.npm.taobao.org/js-tokens/download/js-tokens-4.0.0.tgz"
        }
      }
    },
    "node-fetch": {
      "version": "file:http:/registry.npm.taobao.org/node-fetch/download/node-fetch-1.7.3.tgz",
      "requires": {
        "encoding": "^0.1.11",
        "is-stream": "^1.0.1"
      },
      "dependencies": {
        "encoding": {
          "version": "0.1.12",
          "resolved": "http://registry.npm.taobao.org/encoding/download/encoding-0.1.12.tgz",
          "requires": {
            "iconv-lite": "~0.4.13"
          },
          "dependencies": {}
        },
        "is-stream": {
          "version": "1.1.0",
          "resolved": "http://registry.npm.taobao.org/is-stream/download/is-stream-1.1.0.tgz"
        }
      }
    },
    "normalize-scroll-left": {
      "version": "0.1.2",
      "resolved": "http://registry.npm.taobao.org/normalize-scroll-left/download/normalize-scroll-left-0.1.2.tgz"
    },
    "object-assign": {
      "version": "file:http:/registry.npm.taobao.org/object-assign/download/object-assign-4.1.1.tgz"
    },
    "popper.js": {
      "version": "file:http:/registry.npm.taobao.org/popper.js/download/popper.js-1.14.4.tgz"
    },
    "promise": {
      "version": "7.3.1",
      "resolved": "http://registry.npm.taobao.org/promise/download/promise-7.3.1.tgz",
      "requires": {
        "asap": "~2.0.3"
      },
      "dependencies": {
        "asap": {
          "version": "2.0.6",
          "bundled": true
        }
      }
    },
    "prop-types": {
      "version": "15.6.2",
      "resolved": "http://registry.npm.taobao.org/prop-types/download/prop-types-15.6.2.tgz",
      "requires": {
        "loose-envify": "^1.3.1",
        "object-assign": "^4.1.1"
      },
      "dependencies": {
        "loose-envify": {
          "version": "http://registry.npm.taobao.org/loose-envify/download/loose-envify-1.4.0.tgz",
          "bundled": true,
          "dependencies": {
            "js-tokens": {
              "version": "4.0.0",
              "resolved": "http://registry.npm.taobao.org/js-tokens/download/js-tokens-4.0.0.tgz"
            }
          }
        },
        "object-assign": {
          "version": "http://registry.npm.taobao.org/object-assign/download/object-assign-4.1.1.tgz",
          "bundled": true
        }
      }
    },
    "react-event-listener": {
      "version": "0.6.4",
      "resolved": "http://registry.npm.taobao.org/react-event-listener/download/react-event-listener-0.6.4.tgz",
      "requires": {
        "prop-types": "^15.6.0",
        "warning": "^4.0.1"
      },
      "dependencies": {
        "@babel/runtime": {
          "version": "http://registry.npm.taobao.org/@babel/runtime/download/@babel/runtime-7.0.0.tgz",
          "bundled": true
        },
        "prop-types": {
          "version": "http://registry.npm.taobao.org/prop-types/download/prop-types-15.6.2.tgz",
          "bundled": true,
          "dependencies": {
            "loose-envify": {
              "version": "http://registry.npm.taobao.org/loose-envify/download/loose-envify-1.4.0.tgz",
              "bundled": true,
              "dependencies": {}
            },
            "object-assign": {
              "version": "http://registry.npm.taobao.org/object-assign/download/object-assign-4.1.1.tgz",
              "bundled": true
            }
          }
        },
        "warning": {
          "version": "http://registry.npm.taobao.org/warning/download/warning-4.0.2.tgz",
          "bundled": true
        }
      }
    },
    "react-lifecycles-compat": {
      "version": "3.0.4",
      "resolved": "http://registry.npm.taobao.org/react-lifecycles-compat/download/react-lifecycles-compat-3.0.4.tgz"
    },
    "react-transition-group": {
      "version": "2.5.0",
      "resolved": "http://registry.npm.taobao.org/react-transition-group/download/react-transition-group-2.5.0.tgz",
      "requires": {
        "dom-helpers": "^3.3.1",
        "loose-envify": "^1.4.0",
        "prop-types": "^15.6.2",
        "react-lifecycles-compat": "^3.0.4"
      },
      "dependencies": {
        "dom-helpers": {
          "version": "http://registry.npm.taobao.org/dom-helpers/download/dom-helpers-3.3.1.tgz",
          "bundled": true
        },
        "loose-envify": {
          "version": "http://registry.npm.taobao.org/loose-envify/download/loose-envify-1.4.0.tgz",
          "bundled": true,
          "dependencies": {
            "js-tokens": {
              "version": "4.0.0",
              "resolved": "http://registry.npm.taobao.org/js-tokens/download/js-tokens-4.0.0.tgz"
            }
          }
        },
        "prop-types": {
          "version": "http://registry.npm.taobao.org/prop-types/download/prop-types-15.6.2.tgz",
          "bundled": true,
          "dependencies": {
            "loose-envify": {
              "version": "http://registry.npm.taobao.org/loose-envify/download/loose-envify-1.4.0.tgz",
              "bundled": true,
              "dependencies": {}
            },
            "object-assign": {
              "version": "http://registry.npm.taobao.org/object-assign/download/object-assign-4.1.1.tgz",
              "bundled": true
            }
          }
        },
        "react-lifecycles-compat": {
          "version": "http://registry.npm.taobao.org/react-lifecycles-compat/download/react-lifecycles-compat-3.0.4.tgz",
          "bundled": true
        }
      }
    },
    "recompose": {
      "version": "0.30.0",
      "resolved": "http://registry.npm.taobao.org/recompose/download/recompose-0.30.0.tgz",
      "requires": {
        "@babel/runtime": "^7.0.0",
        "change-emitter": "^0.1.2",
        "fbjs": "^0.8.1",
        "hoist-non-react-statics": "^2.3.1",
        "react-lifecycles-compat": "^3.0.2",
        "symbol-observable": "^1.0.4"
      },
      "dependencies": {
        "@babel/runtime": {
          "version": "http://registry.npm.taobao.org/@babel/runtime/download/@babel/runtime-7.1.2.tgz",
          "bundled": true,
          "dependencies": {
            "regenerator-runtime": {
              "version": "0.12.1",
              "bundled": true
            }
          }
        },
        "change-emitter": {
          "version": "http://registry.npm.taobao.org/change-emitter/download/change-emitter-0.1.6.tgz",
          "bundled": true
        },
        "fbjs": {
          "version": "http://registry.npm.taobao.org/fbjs/download/fbjs-0.8.17.tgz",
          "bundled": true,
          "dependencies": {
            "core-js": {
              "version": "1.2.7",
              "resolved": "http://registry.npm.taobao.org/core-js/download/core-js-1.2.7.tgz"
            },
            "isomorphic-fetch": {
              "version": "2.2.1",
              "resolved": "http://registry.npm.taobao.org/isomorphic-fetch/download/isomorphic-fetch-2.2.1.tgz",
              "requires": {
                "node-fetch": "^1.0.1",
                "whatwg-fetch": ">=0.10.0"
              },
              "dependencies": {}
            },
            "loose-envify": {
              "version": "1.4.0",
              "resolved": "http://registry.npm.taobao.org/loose-envify/download/loose-envify-1.4.0.tgz",
              "requires": {
                "js-tokens": "^3.0.0 || ^4.0.0"
              },
              "dependencies": {}
            },
            "object-assign": {
              "version": "4.1.1",
              "resolved": "http://registry.npm.taobao.org/object-assign/download/object-assign-4.1.1.tgz"
            },
            "promise": {
              "version": "7.3.1",
              "resolved": "http://registry.npm.taobao.org/promise/download/promise-7.3.1.tgz",
              "requires": {
                "asap": "~2.0.3"
              },
              "dependencies": {}
            },
            "setimmediate": {
              "version": "1.0.5",
              "resolved": "http://registry.npm.taobao.org/setimmediate/download/setimmediate-1.0.5.tgz"
            },
            "ua-parser-js": {
              "version": "0.7.18",
              "resolved": "http://registry.npm.taobao.org/ua-parser-js/download/ua-parser-js-0.7.18.tgz"
            }
          }
        },
        "hoist-non-react-statics": {
          "version": "http://registry.npm.taobao.org/hoist-non-react-statics/download/hoist-non-react-statics-2.5.5.tgz",
          "bundled": true
        },
        "react-lifecycles-compat": {
          "version": "http://registry.npm.taobao.org/react-lifecycles-compat/download/react-lifecycles-compat-3.0.4.tgz",
          "bundled": true
        },
        "symbol-observable": {
          "version": "http://registry.npm.taobao.org/symbol-observable/download/symbol-observable-1.2.0.tgz",
          "bundled": true
        }
      }
    },
    "regenerator-runtime": {
      "version": "0.12.1",
      "resolved": "http://registry.npm.taobao.org/regenerator-runtime/download/regenerator-runtime-0.12.1.tgz"
    },
    "safer-buffer": {
      "version": "2.1.2",
      "resolved": "http://registry.npm.taobao.org/safer-buffer/download/safer-buffer-2.1.2.tgz"
    },
    "setimmediate": {
      "version": "file:http:/registry.npm.taobao.org/setimmediate/download/setimmediate-1.0.5.tgz"
    },
    "symbol-observable": {
      "version": "1.2.0",
      "resolved": "http://registry.npm.taobao.org/symbol-observable/download/symbol-observable-1.2.0.tgz"
    },
    "ua-parser-js": {
      "version": "0.7.18",
      "resolved": "http://registry.npm.taobao.org/ua-parser-js/download/ua-parser-js-0.7.18.tgz"
    },
    "undefined": {
      "version": "0.1.0",
      "resolved": "http://registry.npm.taobao.org/undefined/download/undefined-0.1.0.tgz",
      "integrity": "sha1-m3BqSzKtMMIMpP5l3cu72sMr3tA="
    },
    "warning": {
      "version": "4.0.2",
      "resolved": "http://registry.npm.taobao.org/warning/download/warning-4.0.2.tgz",
      "requires": {
        "loose-envify": "^1.0.0"
      },
      "dependencies": {
        "loose-envify": {
          "version": "http://registry.npm.taobao.org/loose-envify/download/loose-envify-1.4.0.tgz",
          "bundled": true,
          "dependencies": {
            "js-tokens": {
              "version": "4.0.0",
              "resolved": "http://registry.npm.taobao.org/js-tokens/download/js-tokens-4.0.0.tgz"
            }
          }
        }
      }
    },
    "whatwg-fetch": {
      "version": "3.0.0",
      "resolved": "http://registry.npm.taobao.org/whatwg-fetch/download/whatwg-fetch-3.0.0.tgz"
    }
  }
}
